dependencies:
- name: agent
  repository: file://../agent
  version: 2.13.1
- name: operator
  repository: oci://ghcr.io/formancehq/helm
  version: 3.9.3
- name: core
  repository: file://../core
  version: 1.5.1
digest: sha256:03035c00e9c39d382a7f8876333939bc1cfc046ac1efea26309b9315e0ae97a9
generated: "2026-05-21T14:52:13.721126+02:00"
