dependencies:
- name: membership
  repository: file://../membership
  version: 3.0.0-beta.3
- name: portal
  repository: file://../portal
  version: 3.0.0-beta.3
- name: console-v3
  repository: file://../console-v3
  version: 3.0.0-beta.2
digest: sha256:798c58aa9ec7823c0f161829b351369b0ea130449509eae1974e9d42a440be50
generated: "2025-12-17T11:38:01.029408+01:00"
