dependencies:
- name: postgresql
  repository: oci://registry-1.docker.io/bitnamicharts
  version: 15.5.38
- name: dex
  repository: https://charts.dexidp.io
  version: 0.17.1
- name: core
  repository: file://../core
  version: 1.2.0
digest: sha256:5317bef098442b07cf725988d11cc08612390873b0bd3a1086f237f2c595413c
generated: "2025-02-17T14:28:01.32192+01:00"
