dependencies:
- name: postgresql
  repository: oci://registry-1.docker.io/bitnamicharts
  version: 18.5.17
- name: dex
  repository: https://charts.dexidp.io
  version: 0.17.1
- name: core
  repository: file://../core
  version: 1.5.1
digest: sha256:a4b4c4bc5934e447ee5889ebd9cbc2cfeb41a96aa61cd4e01b834adecb6074ab
generated: "2026-04-13T03:02:08.188008571Z"
