dependencies:
- name: gateway
  repository: https://numary.github.io/helm/
  version: 0.1.0
- name: control
  repository: file://../control/
  version: 0.1.0
- name: ledger
  repository: https://numary.github.io/helm/
  version: 0.1.1
- name: payments
  repository: file://../payments/
  version: 0.1.0
- name: search
  repository: file://../search/
  version: 0.1.0
digest: sha256:ac3df1ae9497e0c3be5f3d1f71d2010a754489232ab452bdfacf4d2b648d3484
generated: "2022-08-29T14:34:41.396616+02:00"
