dependencies:
- name: gateway
  repository: https://helm.formance.com/
  version: 0.2.0
- name: control
  repository: https://helm.formance.com/
  version: 0.1.1
- name: ledger
  repository: https://helm.formance.com/
  version: 0.1.4
- name: payments
  repository: https://helm.formance.com/
  version: 0.1.0
- name: search
  repository: https://helm.formance.com/
  version: 0.1.0
digest: sha256:f06efa7734becac06058f891062c5c27e2c90963919b5748b6381ec71135a3b5
generated: "2022-09-13T10:52:39.000866+02:00"
