dependencies:
- name: postgresql
  repository: oci://registry-1.docker.io/bitnamicharts
  version: 18.6.0
- name: regions
  repository: file://../regions
  version: 3.8.5
- name: cloudprem
  repository: file://../cloudprem
  version: 4.6.0
digest: sha256:47b3927b0a8b85dfd254abaefa4986244782f4adb18b0a8396451958015f24b8
generated: "2026-04-21T17:48:06.552751+02:00"
