dependencies:
- name: postgresql
  repository: oci://registry-1.docker.io/bitnamicharts
  version: 18.6.2
- name: regions
  repository: file://../regions
  version: 3.9.1
- name: cloudprem
  repository: file://../cloudprem
  version: 4.6.1
digest: sha256:3ffe0e8eba218c8e61648eaee0362c5a8517a702095b6fb71e7f30c7c5cde382
generated: "2026-04-29T09:52:28.087824+02:00"
