dependencies:
- name: postgresql
  repository: oci://registry-1.docker.io/bitnamicharts
  version: 18.5.5
- name: regions
  repository: file://../regions
  version: 3.7.4
- name: cloudprem
  repository: file://../cloudprem
  version: 4.1.1
digest: sha256:3d575b25a900ebbaa86f68cf270d6a8c2f5c1a10bb430214c1a3a9417852f5e9
generated: "2026-03-10T12:45:10.341732+01:00"
